
Microsoft Visual Studio Solution File, Format Version 12.00
# Visual Studio Version 17
VisualStudioVersion = 17.8.34330.188
MinimumVisualStudioVersion = 10.0.40219.1
Project("{FAE04EC0-301F-11D3-BF4B-00C04F79EFBC}") = "Sonic_logistics", "Sonic_logistics\Sonic_logistics.csproj", "{9D796923-A531-4B65-8AEC-BBD53102111A}"
EndProject
Global
	GlobalSection(SolutionConfigurationPlatforms) = preSolution
		Debug|Any CPU = Debug|Any CPU
		Release|Any CPU = Release|Any CPU
	EndGlobalSection
	GlobalSection(ProjectConfigurationPlatforms) = postSolution
		{9D796923-A531-4B65-8AEC-BBD53102111A}.Debug|Any CPU.ActiveCfg = Debug|Any CPU
		{9D796923-A531-4B65-8AEC-BBD53102111A}.Debug|Any CPU.Build.0 = Debug|Any CPU
		{9D796923-A531-4B65-8AEC-BBD53102111A}.Release|Any CPU.ActiveCfg = Release|Any CPU
		{9D796923-A531-4B65-8AEC-BBD53102111A}.Release|Any CPU.Build.0 = Release|Any CPU
	EndGlobalSection
	GlobalSection(SolutionProperties) = preSolution
		HideSolutionNode = FALSE
	EndGlobalSection
	GlobalSection(ExtensibilityGlobals) = postSolution
		SolutionGuid = {638857A4-C589-420C-94DF-593A26C689CB}
	EndGlobalSection
EndGlobal
